# THIS IS AN AUTOGENERATED FILE. DO NOT EDIT THIS FILE DIRECTLY.
# yarn lockfile v1


"@types/node@^20.6.0":
  version "20.6.0"
  resolved "https://registry.yarnpkg.com/@types/node/-/node-20.6.0.tgz#9d7daa855d33d4efec8aea88cd66db1c2f0ebe16"
  integrity sha512-najjVq5KN2vsH2U/xyh2opaSEz6cZMR2SetLIlxlj08nOcmPOemJmUK2o4kUzfLqfrWE0PIrNeE16XhYDd3nqg==

fs@^0.0.1-security:
  version "0.0.1-security"
  resolved "https://registry.yarnpkg.com/fs/-/fs-0.0.1-security.tgz#8a7bd37186b6dddf3813f23858b57ecaaf5e41d4"
  integrity sha512-3XY9e1pP0CVEUCdj5BmfIZxRBTSDycnbqhIOGec9QYtmVH2fbLpj86CFWkrNOkt/Fvty4KZG5lTglL9j/gJ87w==
